
Microsoft Visual Studio Solution File, Format Version 12.00
# Visual Studio Version 17
VisualStudioVersion = 17.4.33110.190
MinimumVisualStudioVersion = 10.0.40219.1
Project("{FAE04EC0-301F-11D3-BF4B-00C04F79EFBC}") = "gunaTEST", "gunaTEST.csproj", "{CD6C25C6-BE0C-434D-B91B-672CC1CB92CB}"
EndProject
Global
	GlobalSection(SolutionConfigurationPlatforms) = preSolution
		Debug|Any CPU = Debug|Any CPU
		Release|Any CPU = Release|Any CPU
	EndGlobalSection
	GlobalSection(ProjectConfigurationPlatforms) = postSolution
		{CD6C25C6-BE0C-434D-B91B-672CC1CB92CB}.Debug|Any CPU.ActiveCfg = Debug|Any CPU
		{CD6C25C6-BE0C-434D-B91B-672CC1CB92CB}.Debug|Any CPU.Build.0 = Debug|Any CPU
		{CD6C25C6-BE0C-434D-B91B-672CC1CB92CB}.Release|Any CPU.ActiveCfg = Release|Any CPU
		{CD6C25C6-BE0C-434D-B91B-672CC1CB92CB}.Release|Any CPU.Build.0 = Release|Any CPU
	EndGlobalSection
	GlobalSection(SolutionProperties) = preSolution
		HideSolutionNode = FALSE
	EndGlobalSection
	GlobalSection(ExtensibilityGlobals) = postSolution
		SolutionGuid = {7DE1CC7B-6AEB-4550-8244-4A5D7DE72795}
	EndGlobalSection
EndGlobal
