
Microsoft Visual Studio Solution File, Format Version 12.00
# Visual Studio Version 17
VisualStudioVersion = 17.4.33110.190
MinimumVisualStudioVersion = 10.0.40219.1
Project("{FAE04EC0-301F-11D3-BF4B-00C04F79EFBC}") = "WpfApp1", "WpfApp1.csproj", "{716BE56E-89EC-4A45-827B-72A70C669473}"
EndProject
Global
	GlobalSection(SolutionConfigurationPlatforms) = preSolution
		Debug|Any CPU = Debug|Any CPU
		Release|Any CPU = Release|Any CPU
	EndGlobalSection
	GlobalSection(ProjectConfigurationPlatforms) = postSolution
		{716BE56E-89EC-4A45-827B-72A70C669473}.Debug|Any CPU.ActiveCfg = Debug|Any CPU
		{716BE56E-89EC-4A45-827B-72A70C669473}.Debug|Any CPU.Build.0 = Debug|Any CPU
		{716BE56E-89EC-4A45-827B-72A70C669473}.Release|Any CPU.ActiveCfg = Release|Any CPU
		{716BE56E-89EC-4A45-827B-72A70C669473}.Release|Any CPU.Build.0 = Release|Any CPU
	EndGlobalSection
	GlobalSection(SolutionProperties) = preSolution
		HideSolutionNode = FALSE
	EndGlobalSection
	GlobalSection(ExtensibilityGlobals) = postSolution
		SolutionGuid = {E3EC05B9-23ED-4D18-B795-B88652D81907}
	EndGlobalSection
EndGlobal
