
Microsoft Visual Studio Solution File, Format Version 12.00
# Visual Studio Version 17
VisualStudioVersion = 17.4.33110.190
MinimumVisualStudioVersion = 10.0.40219.1
Project("{FAE04EC0-301F-11D3-BF4B-00C04F79EFBC}") = "lab3", "lab3.csproj", "{52635FA8-94FF-41D3-8B9A-DDD072D447DB}"
EndProject
Global
	GlobalSection(SolutionConfigurationPlatforms) = preSolution
		Debug|Any CPU = Debug|Any CPU
		Release|Any CPU = Release|Any CPU
	EndGlobalSection
	GlobalSection(ProjectConfigurationPlatforms) = postSolution
		{52635FA8-94FF-41D3-8B9A-DDD072D447DB}.Debug|Any CPU.ActiveCfg = Debug|Any CPU
		{52635FA8-94FF-41D3-8B9A-DDD072D447DB}.Debug|Any CPU.Build.0 = Debug|Any CPU
		{52635FA8-94FF-41D3-8B9A-DDD072D447DB}.Release|Any CPU.ActiveCfg = Release|Any CPU
		{52635FA8-94FF-41D3-8B9A-DDD072D447DB}.Release|Any CPU.Build.0 = Release|Any CPU
	EndGlobalSection
	GlobalSection(SolutionProperties) = preSolution
		HideSolutionNode = FALSE
	EndGlobalSection
	GlobalSection(ExtensibilityGlobals) = postSolution
		SolutionGuid = {A0D26F05-635C-4ABF-B900-9739A9E3738B}
	EndGlobalSection
EndGlobal
