
Microsoft Visual Studio Solution File, Format Version 12.00
# Visual Studio Version 17
VisualStudioVersion = 17.4.33110.190
MinimumVisualStudioVersion = 10.0.40219.1
Project("{FAE04EC0-301F-11D3-BF4B-00C04F79EFBC}") = "lab6", "lab6.csproj", "{F76ACF1F-4CC5-4904-B520-216629E7D72E}"
EndProject
Global
	GlobalSection(SolutionConfigurationPlatforms) = preSolution
		Debug|Any CPU = Debug|Any CPU
		Release|Any CPU = Release|Any CPU
	EndGlobalSection
	GlobalSection(ProjectConfigurationPlatforms) = postSolution
		{F76ACF1F-4CC5-4904-B520-216629E7D72E}.Debug|Any CPU.ActiveCfg = Debug|Any CPU
		{F76ACF1F-4CC5-4904-B520-216629E7D72E}.Debug|Any CPU.Build.0 = Debug|Any CPU
		{F76ACF1F-4CC5-4904-B520-216629E7D72E}.Release|Any CPU.ActiveCfg = Release|Any CPU
		{F76ACF1F-4CC5-4904-B520-216629E7D72E}.Release|Any CPU.Build.0 = Release|Any CPU
	EndGlobalSection
	GlobalSection(SolutionProperties) = preSolution
		HideSolutionNode = FALSE
	EndGlobalSection
	GlobalSection(ExtensibilityGlobals) = postSolution
		SolutionGuid = {DA3BACE3-70B4-49B4-84F5-51AA09EFB7F1}
	EndGlobalSection
EndGlobal
